Microsoft Visual Studio Solution File, Format Version 12.00
# Visual Studio Version 17
VisualStudioVersion = 17.5.2.0
MinimumVisualStudioVersion = 10.0.40219.1
Project("{2150E333-8FDC-42A3-9474-1A3956D46DE8}") = "EchoPulse", "EchoPulse", "{54C283E1-8F0D-945C-1B6A-C171BE9F23EE}"
EndProject
Project("{FAE04EC0-301F-11D3-BF4B-00C04F79EFBC}") = "Assembly-CSharp-Editor", "EchoPulse\Assembly-CSharp-Editor.csproj", "{9FE6A328-9B42-9FAC-C5C1-0AF1368BE057}"
EndProject
Project("{FAE04EC0-301F-11D3-BF4B-00C04F79EFBC}") = "Assembly-CSharp", "EchoPulse\Assembly-CSharp.csproj", "{6E688D65-27F5-5562-9E65-DE6BC63010CF}"
EndProject
Global
	GlobalSection(SolutionConfigurationPlatforms) = preSolution
		Debug|Any CPU = Debug|Any CPU
		Release|Any CPU = Release|Any CPU
	EndGlobalSection
	GlobalSection(ProjectConfigurationPlatforms) = postSolution
		{9FE6A328-9B42-9FAC-C5C1-0AF1368BE057}.Debug|Any CPU.ActiveCfg = Debug|Any CPU
		{9FE6A328-9B42-9FAC-C5C1-0AF1368BE057}.Debug|Any CPU.Build.0 = Debug|Any CPU
		{9FE6A328-9B42-9FAC-C5C1-0AF1368BE057}.Release|Any CPU.ActiveCfg = Release|Any CPU
		{9FE6A328-9B42-9FAC-C5C1-0AF1368BE057}.Release|Any CPU.Build.0 = Release|Any CPU
		{6E688D65-27F5-5562-9E65-DE6BC63010CF}.Debug|Any CPU.ActiveCfg = Debug|Any CPU
		{6E688D65-27F5-5562-9E65-DE6BC63010CF}.Debug|Any CPU.Build.0 = Debug|Any CPU
		{6E688D65-27F5-5562-9E65-DE6BC63010CF}.Release|Any CPU.ActiveCfg = Release|Any CPU
		{6E688D65-27F5-5562-9E65-DE6BC63010CF}.Release|Any CPU.Build.0 = Release|Any CPU
	EndGlobalSection
	GlobalSection(SolutionProperties) = preSolution
		HideSolutionNode = FALSE
	EndGlobalSection
	GlobalSection(NestedProjects) = preSolution
		{9FE6A328-9B42-9FAC-C5C1-0AF1368BE057} = {54C283E1-8F0D-945C-1B6A-C171BE9F23EE}
		{6E688D65-27F5-5562-9E65-DE6BC63010CF} = {54C283E1-8F0D-945C-1B6A-C171BE9F23EE}
	EndGlobalSection
	GlobalSection(ExtensibilityGlobals) = postSolution
		SolutionGuid = {30219076-C79B-43F2-A5E6-7E082AF2E632}
	EndGlobalSection
EndGlobal
